
Microsoft Visual Studio Solution File, Format Version 12.00
# Visual Studio 15
VisualStudioVersion = 15.0.28307.1500
MinimumVisualStudioVersion = 10.0.40219.1
Project("{8BC9CEB8-8B4A-11D0-8D11-00A0C91BC942}") = "PimaxEyeTracker", "PimaxEyeTracker.vcxproj", "{94F552EE-098E-4A5F-A125-02DE7F8E55AB}"
EndProject
Global
	GlobalSection(SolutionConfigurationPlatforms) = preSolution
		Debug|x64 = Debug|x64
		Debug|x86 = Debug|x86
		Release Managed|x64 = Release Managed|x64
		Release Managed|x86 = Release Managed|x86
		Release|x64 = Release|x64
		Release|x86 = Release|x86
	EndGlobalSection
	GlobalSection(ProjectConfigurationPlatforms) = postSolution
		{94F552EE-098E-4A5F-A125-02DE7F8E55AB}.Debug|x64.ActiveCfg = Debug|x64
		{94F552EE-098E-4A5F-A125-02DE7F8E55AB}.Debug|x64.Build.0 = Debug|x64
		{94F552EE-098E-4A5F-A125-02DE7F8E55AB}.Debug|x86.ActiveCfg = Debug|Win32
		{94F552EE-098E-4A5F-A125-02DE7F8E55AB}.Debug|x86.Build.0 = Debug|Win32
		{94F552EE-098E-4A5F-A125-02DE7F8E55AB}.Release Managed|x64.ActiveCfg = Release Managed|x64
		{94F552EE-098E-4A5F-A125-02DE7F8E55AB}.Release Managed|x64.Build.0 = Release Managed|x64
		{94F552EE-098E-4A5F-A125-02DE7F8E55AB}.Release Managed|x86.ActiveCfg = Release Managed|Win32
		{94F552EE-098E-4A5F-A125-02DE7F8E55AB}.Release Managed|x86.Build.0 = Release Managed|Win32
		{94F552EE-098E-4A5F-A125-02DE7F8E55AB}.Release|x64.ActiveCfg = Release|x64
		{94F552EE-098E-4A5F-A125-02DE7F8E55AB}.Release|x64.Build.0 = Release|x64
		{94F552EE-098E-4A5F-A125-02DE7F8E55AB}.Release|x86.ActiveCfg = Release|Win32
		{94F552EE-098E-4A5F-A125-02DE7F8E55AB}.Release|x86.Build.0 = Release|Win32
	EndGlobalSection
	GlobalSection(SolutionProperties) = preSolution
		HideSolutionNode = FALSE
	EndGlobalSection
	GlobalSection(ExtensibilityGlobals) = postSolution
		SolutionGuid = {059D3A50-2C33-4A2B-BE4E-9C892CADFA0E}
	EndGlobalSection
EndGlobal
